// !$*UTF8*$!
{
	archiveVersion = 1;
	classes = {
	};
	objectVersion = 55;
	objects = {

/* Begin PBXBuildFile section */
		83102482280F82870080D4CC /* grass.png in Resources */ = {isa = PBXBuildFile; fileRef = 83102481280F82870080D4CC /* grass.png */; };
		83821DEB280CDB5F00D4A11A /* AppDelegate.swift in Sources */ = {isa = PBXBuildFile; fileRef = 83821DEA280CDB5F00D4A11A /* AppDelegate.swift */; };
		83821DED280CDB5F00D4A11A /* ViewController.swift in Sources */ = {isa = PBXBuildFile; fileRef = 83821DEC280CDB5F00D4A11A /* ViewController.swift */; };
		83821DEF280CDB6000D4A11A /* Assets.xcassets in Resources */ = {isa = PBXBuildFile; fileRef = 83821DEE280CDB6000D4A11A /* Assets.xcassets */; };
		83821DF2280CDB6000D4A11A /* Main.storyboard in Resources */ = {isa = PBXBuildFile; fileRef = 83821DF0280CDB6000D4A11A /* Main.storyboard */; };
		83821DFE280CDBC100D4A11A /* Node.swift in Sources */ = {isa = PBXBuildFile; fileRef = 83821DF9280CDBC100D4A11A /* Node.swift */; };
		83821DFF280CDBC100D4A11A /* Math.swift in Sources */ = {isa = PBXBuildFile; fileRef = 83821DFA280CDBC100D4A11A /* Math.swift */; };
		83821E00280CDBC100D4A11A /* Renderer.swift in Sources */ = {isa = PBXBuildFile; fileRef = 83821DFB280CDBC100D4A11A /* Renderer.swift */; };
		83821E01280CDBC100D4A11A /* Shaders.metal in Sources */ = {isa = PBXBuildFile; fileRef = 83821DFC280CDBC100D4A11A /* Shaders.metal */; };
		83821E02280CDBC100D4A11A /* MeshUtilities.swift in Sources */ = {isa = PBXBuildFile; fileRef = 83821DFD280CDBC100D4A11A /* MeshUtilities.swift */; };
		839D2ABE280E23A8000836A5 /* spot_texture.png in Resources */ = {isa = PBXBuildFile; fileRef = 839D2AB7280E23A8000836A5 /* spot_texture.png */; };
		839D2AC1280E23A8000836A5 /* spot_material.mtl in Resources */ = {isa = PBXBuildFile; fileRef = 839D2ABA280E23A8000836A5 /* spot_material.mtl */; };
		839D2AC3280E23A8000836A5 /* spot_triangulated.obj in Resources */ = {isa = PBXBuildFile; fileRef = 839D2ABC280E23A8000836A5 /* spot_triangulated.obj */; };
		839D2AC6280E23C8000836A5 /* Light.swift in Sources */ = {isa = PBXBuildFile; fileRef = 839D2AC5280E23C8000836A5 /* Light.swift */; };
/* End PBXBuildFile section */

/* Begin PBXFileReference section */
		83102481280F82870080D4CC /* grass.png */ = {isa = PBXFileReference; lastKnownFileType = image.png; path = grass.png; sourceTree = "<group>"; };
		83821DE7280CDB5F00D4A11A /* MetalLights.app */ = {isa = PBXFileReference; explicitFileType = wrapper.application; includeInIndex = 0; path = MetalLights.app; sourceTree = BUILT_PRODUCTS_DIR; };
		83821DEA280CDB5F00D4A11A /* AppDelegate.swift */ = {isa = PBXFileReference; lastKnownFileType = sourcecode.swift; path = AppDelegate.swift; sourceTree = "<group>"; };
		83821DEC280CDB5F00D4A11A /* ViewController.swift */ = {isa = PBXFileReference; lastKnownFileType = sourcecode.swift; path = ViewController.swift; sourceTree = "<group>"; };
		83821DEE280CDB6000D4A11A /* Assets.xcassets */ = {isa = PBXFileReference; lastKnownFileType = folder.assetcatalog; path = Assets.xcassets; sourceTree = "<group>"; };
		83821DF1280CDB6000D4A11A /* Base */ = {isa = PBXFileReference; lastKnownFileType = file.storyboard; name = Base; path = Base.lproj/Main.storyboard; sourceTree = "<group>"; };
		83821DF3280CDB6000D4A11A /* MetalLights.entitlements */ = {isa = PBXFileReference; lastKnownFileType = text.plist.entitlements; path = MetalLights.entitlements; sourceTree = "<group>"; };
		83821DF9280CDBC100D4A11A /* Node.swift */ = {isa = PBXFileReference; fileEncoding = 4; lastKnownFileType = sourcecode.swift; path = Node.swift; sourceTree = "<group>"; };
		83821DFA280CDBC100D4A11A /* Math.swift */ = {isa = PBXFileReference; fileEncoding = 4; lastKnownFileType = sourcecode.swift; path = Math.swift; sourceTree = "<group>"; };
		83821DFB280CDBC100D4A11A /* Renderer.swift */ = {isa = PBXFileReference; fileEncoding = 4; lastKnownFileType = sourcecode.swift; path = Renderer.swift; sourceTree = "<group>"; };
		83821DFC280CDBC100D4A11A /* Shaders.metal */ = {isa = PBXFileReference; fileEncoding = 4; lastKnownFileType = sourcecode.metal; path = Shaders.metal; sourceTree = "<group>"; };
		83821DFD280CDBC100D4A11A /* MeshUtilities.swift */ = {isa = PBXFileReference; fileEncoding = 4; lastKnownFileType = sourcecode.swift; path = MeshUtilities.swift; sourceTree = "<group>"; };
		839D2AB7280E23A8000836A5 /* spot_texture.png */ = {isa = PBXFileReference; lastKnownFileType = image.png; path = spot_texture.png; sourceTree = "<group>"; };
		839D2ABA280E23A8000836A5 /* spot_material.mtl */ = {isa = PBXFileReference; fileEncoding = 4; lastKnownFileType = text; path = spot_material.mtl; sourceTree = "<group>"; };
		839D2ABC280E23A8000836A5 /* spot_triangulated.obj */ = {isa = PBXFileReference; fileEncoding = 4; lastKnownFileType = text; path = spot_triangulated.obj; sourceTree = "<group>"; };
		839D2AC5280E23C8000836A5 /* Light.swift */ = {isa = PBXFileReference; lastKnownFileType = sourcecode.swift; path = Light.swift; sourceTree = "<group>"; };
/* End PBXFileReference section */

/* Begin PBXFrameworksBuildPhase section */
		83821DE4280CDB5F00D4A11A /* Frameworks */ = {
			isa = PBXFrameworksBuildPhase;
			buildActionMask = 2147483647;
			files = (
			);
			runOnlyForDeploymentPostprocessing = 0;
		};
/* End PBXFrameworksBuildPhase section */

/* Begin PBXGroup section */
		83821DDE280CDB5F00D4A11A = {
			isa = PBXGroup;
			children = (
				83821DE9280CDB5F00D4A11A /* MetalLights */,
				83821DE8280CDB5F00D4A11A /* Products */,
			);
			sourceTree = "<group>";
		};
		83821DE8280CDB5F00D4A11A /* Products */ = {
			isa = PBXGroup;
			children = (
				83821DE7280CDB5F00D4A11A /* MetalLights.app */,
			);
			name = Products;
			sourceTree = "<group>";
		};
		83821DE9280CDB5F00D4A11A /* MetalLights */ = {
			isa = PBXGroup;
			children = (
				839D2AB5280E23A8000836A5 /* Resources */,
				839D2AC5280E23C8000836A5 /* Light.swift */,
				83821DF9280CDBC100D4A11A /* Node.swift */,
				83821DFB280CDBC100D4A11A /* Renderer.swift */,
				83821DFA280CDBC100D4A11A /* Math.swift */,
				83821DFD280CDBC100D4A11A /* MeshUtilities.swift */,
				83821DEA280CDB5F00D4A11A /* AppDelegate.swift */,
				83821DEC280CDB5F00D4A11A /* ViewController.swift */,
				83821DFC280CDBC100D4A11A /* Shaders.metal */,
				83821DEE280CDB6000D4A11A /* Assets.xcassets */,
				83821DF0280CDB6000D4A11A /* Main.storyboard */,
				83821DF3280CDB6000D4A11A /* MetalLights.entitlements */,
			);
			path = MetalLights;
			sourceTree = "<group>";
		};
		839D2AB5280E23A8000836A5 /* Resources */ = {
			isa = PBXGroup;
			children = (
				83102481280F82870080D4CC /* grass.png */,
				839D2AB6280E23A8000836A5 /* spot */,
			);
			name = Resources;
			path = ../../../17/MetalMDLAsset/MetalMDLAsset/Resources;
			sourceTree = "<group>";
		};
		839D2AB6280E23A8000836A5 /* spot */ = {
			isa = PBXGroup;
			children = (
				839D2AB7280E23A8000836A5 /* spot_texture.png */,
				839D2ABA280E23A8000836A5 /* spot_material.mtl */,
				839D2ABC280E23A8000836A5 /* spot_triangulated.obj */,
			);
			path = spot;
			sourceTree = "<group>";
		};
/* End PBXGroup section */

/* Begin PBXNativeTarget section */
		83821DE6280CDB5F00D4A11A /* MetalLights */ = {
			isa = PBXNativeTarget;
			buildConfigurationList = 83821DF6280CDB6000D4A11A /* Build configuration list for PBXNativeTarget "MetalLights" */;
			buildPhases = (
				83821DE3280CDB5F00D4A11A /* Sources */,
				83821DE4280CDB5F00D4A11A /* Frameworks */,
				83821DE5280CDB5F00D4A11A /* Resources */,
			);
			buildRules = (
			);
			dependencies = (
			);
			name = MetalLights;
			productName = MetalLights;
			productReference = 83821DE7280CDB5F00D4A11A /* MetalLights.app */;
			productType = "com.apple.product-type.application";
		};
/* End PBXNativeTarget section */

/* Begin PBXProject section */
		83821DDF280CDB5F00D4A11A /* Project object */ = {
			isa = PBXProject;
			attributes = {
				BuildIndependentTargetsInParallel = 1;
				LastSwiftUpdateCheck = 1330;
				LastUpgradeCheck = 1330;
				TargetAttributes = {
					83821DE6280CDB5F00D4A11A = {
						CreatedOnToolsVersion = 13.3;
					};
				};
			};
			buildConfigurationList = 83821DE2280CDB5F00D4A11A /* Build configuration list for PBXProject "MetalLights" */;
			compatibilityVersion = "Xcode 13.0";
			developmentRegion = en;
			hasScannedForEncodings = 0;
			knownRegions = (
				en,
				Base,
			);
			mainGroup = 83821DDE280CDB5F00D4A11A;
			productRefGroup = 83821DE8280CDB5F00D4A11A /* Products */;
			projectDirPath = "";
			projectRoot = "";
			targets = (
				83821DE6280CDB5F00D4A11A /* MetalLights */,
			);
		};
/* End PBXProject section */

/* Begin PBXResourcesBuildPhase section */
		83821DE5280CDB5F00D4A11A /* Resources */ = {
			isa = PBXResourcesBuildPhase;
			buildActionMask = 2147483647;
			files = (
				83102482280F82870080D4CC /* grass.png in Resources */,
				839D2AC1280E23A8000836A5 /* spot_material.mtl in Resources */,
				839D2ABE280E23A8000836A5 /* spot_texture.png in Resources */,
				83821DEF280CDB6000D4A11A /* Assets.xcassets in Resources */,
				83821DF2280CDB6000D4A11A /* Main.storyboard in Resources */,
				839D2AC3280E23A8000836A5 /* spot_triangulated.obj in Resources */,
			);
			runOnlyForDeploymentPostprocessing = 0;
		};
/* End PBXResourcesBuildPhase section */

/* Begin PBXSourcesBuildPhase section */
		83821DE3280CDB5F00D4A11A /* Sources */ = {
			isa = PBXSourcesBuildPhase;
			buildActionMask = 2147483647;
			files = (
				83821E02280CDBC100D4A11A /* MeshUtilities.swift in Sources */,
				83821E01280CDBC100D4A11A /* Shaders.metal in Sources */,
				83821DFE280CDBC100D4A11A /* Node.swift in Sources */,
				83821DED280CDB5F00D4A11A /* ViewController.swift in Sources */,
				83821DEB280CDB5F00D4A11A /* AppDelegate.swift in Sources */,
				83821E00280CDBC100D4A11A /* Renderer.swift in Sources */,
				839D2AC6280E23C8000836A5 /* Light.swift in Sources */,
				83821DFF280CDBC100D4A11A /* Math.swift in Sources */,
			);
			runOnlyForDeploymentPostprocessing = 0;
		};
/* End PBXSourcesBuildPhase section */

/* Begin PBXVariantGroup section */
		83821DF0280CDB6000D4A11A /* Main.storyboard */ = {
			isa = PBXVariantGroup;
			children = (
				83821DF1280CDB6000D4A11A /* Base */,
			);
			name = Main.storyboard;
			sourceTree = "<group>";
		};
/* End PBXVariantGroup section */

/* Begin XCBuildConfiguration section */
		83821DF4280CDB6000D4A11A /* Debug */ = {
			isa = XCBuildConfiguration;
			buildSettings = {
				ALWAYS_SEARCH_USER_PATHS = NO;
				CLANG_ANALYZER_NONNULL = YES;
				CLANG_ANALYZER_NUMBER_OBJECT_CONVERSION = YES_AGGRESSIVE;
				CLANG_CXX_LANGUAGE_STANDARD = "gnu++17";
				CLANG_ENABLE_MODULES = YES;
				CLANG_ENABLE_OBJC_ARC = YES;
				CLANG_ENABLE_OBJC_WEAK = YES;
				CLANG_WARN_BLOCK_CAPTURE_AUTORELEASING = YES;
				CLANG_WARN_BOOL_CONVERSION = YES;
				CLANG_WARN_COMMA = YES;
				CLANG_WARN_CONSTANT_CONVERSION = YES;
				CLANG_WARN_DEPRECATED_OBJC_IMPLEMENTATIONS = YES;
				CLANG_WARN_DIRECT_OBJC_ISA_USAGE = YES_ERROR;
				CLANG_WARN_DOCUMENTATION_COMMENTS = YES;
				CLANG_WARN_EMPTY_BODY = YES;
				CLANG_WARN_ENUM_CONVERSION = YES;
				CLANG_WARN_INFINITE_RECURSION = YES;
				CLANG_WARN_INT_CONVERSION = YES;
				CLANG_WARN_NON_LITERAL_NULL_CONVERSION = YES;
				CLANG_WARN_OBJC_IMPLICIT_RETAIN_SELF = YES;
				CLANG_WARN_OBJC_LITERAL_CONVERSION = YES;
				CLANG_WARN_OBJC_ROOT_CLASS = YES_ERROR;
				CLANG_WARN_QUOTED_INCLUDE_IN_FRAMEWORK_HEADER = YES;
				CLANG_WARN_RANGE_LOOP_ANALYSIS = YES;
				CLANG_WARN_STRICT_PROTOTYPES = YES;
				CLANG_WARN_SUSPICIOUS_MOVE = YES;
				CLANG_WARN_UNGUARDED_AVAILABILITY = YES_AGGRESSIVE;
				CLANG_WARN_UNREACHABLE_CODE = YES;
				CLANG_WARN__DUPLICATE_METHOD_MATCH = YES;
				COPY_PHASE_STRIP = NO;
				DEBUG_INFORMATION_FORMAT = dwarf;
				ENABLE_STRICT_OBJC_MSGSEND = YES;
				ENABLE_TESTABILITY = YES;
				GCC_C_LANGUAGE_STANDARD = gnu11;
				GCC_DYNAMIC_NO_PIC = NO;
				GCC_NO_COMMON_BLOCKS = YES;
				GCC_OPTIMIZATION_LEVEL = 0;
				GCC_PREPROCESSOR_DEFINITIONS = (
					"DEBUG=1",
					"$(inherited)",
				);
				GCC_WARN_64_TO_32_BIT_CONVERSION = YES;
				GCC_WARN_ABOUT_RETURN_TYPE = YES_ERROR;
				GCC_WARN_UNDECLARED_SELECTOR = YES;
				GCC_WARN_UNINITIALIZED_AUTOS = YES_AGGRESSIVE;
				GCC_WARN_UNUSED_FUNCTION = YES;
				GCC_WARN_UNUSED_VARIABLE = YES;
				MACOSX_DEPLOYMENT_TARGET = 12.3;
				MTL_ENABLE_DEBUG_INFO = INCLUDE_SOURCE;
				MTL_FAST_MATH = YES;
				ONLY_ACTIVE_ARCH = YES;
				SDKROOT = macosx;
				SWIFT_ACTIVE_COMPILATION_CONDITIONS = DEBUG;
				SWIFT_OPTIMIZATION_LEVEL = "-Onone";
			};
			name = Debug;
		};
		83821DF5280CDB6000D4A11A /* Release */ = {
			isa = XCBuildConfiguration;
			buildSettings = {
				ALWAYS_SEARCH_USER_PATHS = NO;
				CLANG_ANALYZER_NONNULL = YES;
				CLANG_ANALYZER_NUMBER_OBJECT_CONVERSION = YES_AGGRESSIVE;
				CLANG_CXX_LANGUAGE_STANDARD = "gnu++17";
				CLANG_ENABLE_MODULES = YES;
				CLANG_ENABLE_OBJC_ARC = YES;
				CLANG_ENABLE_OBJC_WEAK = YES;
				CLANG_WARN_BLOCK_CAPTURE_AUTORELEASING = YES;
				CLANG_WARN_BOOL_CONVERSION = YES;
				CLANG_WARN_COMMA = YES;
				CLANG_WARN_CONSTANT_CONVERSION = YES;
				CLANG_WARN_DEPRECATED_OBJC_IMPLEMENTATIONS = YES;
				CLANG_WARN_DIRECT_OBJC_ISA_USAGE = YES_ERROR;
				CLANG_WARN_DOCUMENTATION_COMMENTS = YES;
				CLANG_WARN_EMPTY_BODY = YES;
				CLANG_WARN_ENUM_CONVERSION = YES;
				CLANG_WARN_INFINITE_RECURSION = YES;
				CLANG_WARN_INT_CONVERSION = YES;
				CLANG_WARN_NON_LITERAL_NULL_CONVERSION = YES;
				CLANG_WARN_OBJC_IMPLICIT_RETAIN_SELF = YES;
				CLANG_WARN_OBJC_LITERAL_CONVERSION = YES;
				CLANG_WARN_OBJC_ROOT_CLASS = YES_ERROR;
				CLANG_WARN_QUOTED_INCLUDE_IN_FRAMEWORK_HEADER = YES;
				CLANG_WARN_RANGE_LOOP_ANALYSIS = YES;
				CLANG_WARN_STRICT_PROTOTYPES = YES;
				CLANG_WARN_SUSPICIOUS_MOVE = YES;
				CLANG_WARN_UNGUARDED_AVAILABILITY = YES_AGGRESSIVE;
				CLANG_WARN_UNREACHABLE_CODE = YES;
				CLANG_WARN__DUPLICATE_METHOD_MATCH = YES;
				COPY_PHASE_STRIP = NO;
				DEBUG_INFORMATION_FORMAT = "dwarf-with-dsym";
				ENABLE_NS_ASSERTIONS = NO;
				ENABLE_STRICT_OBJC_MSGSEND = YES;
				GCC_C_LANGUAGE_STANDARD = gnu11;
				GCC_NO_COMMON_BLOCKS = YES;
				GCC_WARN_64_TO_32_BIT_CONVERSION = YES;
				GCC_WARN_ABOUT_RETURN_TYPE = YES_ERROR;
				GCC_WARN_UNDECLARED_SELECTOR = YES;
				GCC_WARN_UNINITIALIZED_AUTOS = YES_AGGRESSIVE;
				GCC_WARN_UNUSED_FUNCTION = YES;
				GCC_WARN_UNUSED_VARIABLE = YES;
				MACOSX_DEPLOYMENT_TARGET = 12.3;
				MTL_ENABLE_DEBUG_INFO = NO;
				MTL_FAST_MATH = YES;
				SDKROOT = macosx;
				SWIFT_COMPILATION_MODE = wholemodule;
				SWIFT_OPTIMIZATION_LEVEL = "-O";
			};
			name = Release;
		};
		83821DF7280CDB6000D4A11A /* Debug */ = {
			isa = XCBuildConfiguration;
			buildSettings = {
				ASSETCATALOG_COMPILER_APPICON_NAME = AppIcon;
				ASSETCATALOG_COMPILER_GLOBAL_ACCENT_COLOR_NAME = AccentColor;
				CODE_SIGN_ENTITLEMENTS = MetalLights/MetalLights.entitlements;
				CODE_SIGN_STYLE = Automatic;
				COMBINE_HIDPI_IMAGES = YES;
				CURRENT_PROJECT_VERSION = 1;
				DEVELOPMENT_TEAM = G784MNW7L7;
				ENABLE_HARDENED_RUNTIME = YES;
				GENERATE_INFOPLIST_FILE = YES;
				INFOPLIST_KEY_NSHumanReadableCopyright = "";
				INFOPLIST_KEY_NSMainStoryboardFile = Main;
				INFOPLIST_KEY_NSPrincipalClass = NSApplication;
				LD_RUNPATH_SEARCH_PATHS = (
					"$(inherited)",
					"@executable_path/../Frameworks",
				);
				MARKETING_VERSION = 1.0;
				PRODUCT_BUNDLE_IDENTIFIER = co.fourspace.MetalLights;
				PRODUCT_NAME = "$(TARGET_NAME)";
				SWIFT_EMIT_LOC_STRINGS = YES;
				SWIFT_VERSION = 5.0;
			};
			name = Debug;
		};
		83821DF8280CDB6000D4A11A /* Release */ = {
			isa = XCBuildConfiguration;
			buildSettings = {
				ASSETCATALOG_COMPILER_APPICON_NAME = AppIcon;
				ASSETCATALOG_COMPILER_GLOBAL_ACCENT_COLOR_NAME = AccentColor;
				CODE_SIGN_ENTITLEMENTS = MetalLights/MetalLights.entitlements;
				CODE_SIGN_STYLE = Automatic;
				COMBINE_HIDPI_IMAGES = YES;
				CURRENT_PROJECT_VERSION = 1;
				DEVELOPMENT_TEAM = G784MNW7L7;
				ENABLE_HARDENED_RUNTIME = YES;
				GENERATE_INFOPLIST_FILE = YES;
				INFOPLIST_KEY_NSHumanReadableCopyright = "";
				INFOPLIST_KEY_NSMainStoryboardFile = Main;
				INFOPLIST_KEY_NSPrincipalClass = NSApplication;
				LD_RUNPATH_SEARCH_PATHS = (
					"$(inherited)",
					"@executable_path/../Frameworks",
				);
				MARKETING_VERSION = 1.0;
				PRODUCT_BUNDLE_IDENTIFIER = co.fourspace.MetalLights;
				PRODUCT_NAME = "$(TARGET_NAME)";
				SWIFT_EMIT_LOC_STRINGS = YES;
				SWIFT_VERSION = 5.0;
			};
			name = Release;
		};
/* End XCBuildConfiguration section */

/* Begin XCConfigurationList section */
		83821DE2280CDB5F00D4A11A /* Build configuration list for PBXProject "MetalLights" */ = {
			isa = XCConfigurationList;
			buildConfigurations = (
				83821DF4280CDB6000D4A11A /* Debug */,
				83821DF5280CDB6000D4A11A /* Release */,
			);
			defaultConfigurationIsVisible = 0;
			defaultConfigurationName = Release;
		};
		83821DF6280CDB6000D4A11A /* Build configuration list for PBXNativeTarget "MetalLights" */ = {
			isa = XCConfigurationList;
			buildConfigurations = (
				83821DF7280CDB6000D4A11A /* Debug */,
				83821DF8280CDB6000D4A11A /* Release */,
			);
			defaultConfigurationIsVisible = 0;
			defaultConfigurationName = Release;
		};
/* End XCConfigurationList section */
	};
	rootObject = 83821DDF280CDB5F00D4A11A /* Project object */;
}
