// !$*UTF8*$!
{
	archiveVersion = 1;
	classes = {
	};
	objectVersion = 55;
	objects = {

/* Begin PBXBuildFile section */
		8381AE622804A84000E17AAC /* AppDelegate.swift in Sources */ = {isa = PBXBuildFile; fileRef = 8381AE612804A84000E17AAC /* AppDelegate.swift */; };
		8381AE642804A84000E17AAC /* ViewController.swift in Sources */ = {isa = PBXBuildFile; fileRef = 8381AE632804A84000E17AAC /* ViewController.swift */; };
		8381AE662804A84100E17AAC /* Assets.xcassets in Resources */ = {isa = PBXBuildFile; fileRef = 8381AE652804A84100E17AAC /* Assets.xcassets */; };
		8381AE692804A84100E17AAC /* Main.storyboard in Resources */ = {isa = PBXBuildFile; fileRef = 8381AE672804A84100E17AAC /* Main.storyboard */; };
		8381AE732804A88300E17AAC /* Renderer.swift in Sources */ = {isa = PBXBuildFile; fileRef = 8381AE702804A88300E17AAC /* Renderer.swift */; };
		8381AE742804A88300E17AAC /* Shaders.metal in Sources */ = {isa = PBXBuildFile; fileRef = 8381AE712804A88300E17AAC /* Shaders.metal */; };
		8381AE752804A88300E17AAC /* Math.swift in Sources */ = {isa = PBXBuildFile; fileRef = 8381AE722804A88300E17AAC /* Math.swift */; };
		8381AE772804B01800E17AAC /* SimpleMesh.swift in Sources */ = {isa = PBXBuildFile; fileRef = 8381AE762804B01800E17AAC /* SimpleMesh.swift */; };
/* End PBXBuildFile section */

/* Begin PBXFileReference section */
		8381AE5E2804A84000E17AAC /* MetalMeshes.app */ = {isa = PBXFileReference; explicitFileType = wrapper.application; includeInIndex = 0; path = MetalMeshes.app; sourceTree = BUILT_PRODUCTS_DIR; };
		8381AE612804A84000E17AAC /* AppDelegate.swift */ = {isa = PBXFileReference; lastKnownFileType = sourcecode.swift; path = AppDelegate.swift; sourceTree = "<group>"; };
		8381AE632804A84000E17AAC /* ViewController.swift */ = {isa = PBXFileReference; lastKnownFileType = sourcecode.swift; path = ViewController.swift; sourceTree = "<group>"; };
		8381AE652804A84100E17AAC /* Assets.xcassets */ = {isa = PBXFileReference; lastKnownFileType = folder.assetcatalog; path = Assets.xcassets; sourceTree = "<group>"; };
		8381AE682804A84100E17AAC /* Base */ = {isa = PBXFileReference; lastKnownFileType = file.storyboard; name = Base; path = Base.lproj/Main.storyboard; sourceTree = "<group>"; };
		8381AE6A2804A84100E17AAC /* MetalMeshes.entitlements */ = {isa = PBXFileReference; lastKnownFileType = text.plist.entitlements; path = MetalMeshes.entitlements; sourceTree = "<group>"; };
		8381AE702804A88300E17AAC /* Renderer.swift */ = {isa = PBXFileReference; fileEncoding = 4; lastKnownFileType = sourcecode.swift; path = Renderer.swift; sourceTree = "<group>"; };
		8381AE712804A88300E17AAC /* Shaders.metal */ = {isa = PBXFileReference; fileEncoding = 4; lastKnownFileType = sourcecode.metal; path = Shaders.metal; sourceTree = "<group>"; };
		8381AE722804A88300E17AAC /* Math.swift */ = {isa = PBXFileReference; fileEncoding = 4; lastKnownFileType = sourcecode.swift; path = Math.swift; sourceTree = "<group>"; };
		8381AE762804B01800E17AAC /* SimpleMesh.swift */ = {isa = PBXFileReference; lastKnownFileType = sourcecode.swift; path = SimpleMesh.swift; sourceTree = "<group>"; };
/* End PBXFileReference section */

/* Begin PBXFrameworksBuildPhase section */
		8381AE5B2804A84000E17AAC /* Frameworks */ = {
			isa = PBXFrameworksBuildPhase;
			buildActionMask = 2147483647;
			files = (
			);
			runOnlyForDeploymentPostprocessing = 0;
		};
/* End PBXFrameworksBuildPhase section */

/* Begin PBXGroup section */
		8381AE552804A84000E17AAC = {
			isa = PBXGroup;
			children = (
				8381AE602804A84000E17AAC /* MetalMeshes */,
				8381AE5F2804A84000E17AAC /* Products */,
			);
			sourceTree = "<group>";
		};
		8381AE5F2804A84000E17AAC /* Products */ = {
			isa = PBXGroup;
			children = (
				8381AE5E2804A84000E17AAC /* MetalMeshes.app */,
			);
			name = Products;
			sourceTree = "<group>";
		};
		8381AE602804A84000E17AAC /* MetalMeshes */ = {
			isa = PBXGroup;
			children = (
				8381AE702804A88300E17AAC /* Renderer.swift */,
				8381AE762804B01800E17AAC /* SimpleMesh.swift */,
				8381AE722804A88300E17AAC /* Math.swift */,
				8381AE632804A84000E17AAC /* ViewController.swift */,
				8381AE612804A84000E17AAC /* AppDelegate.swift */,
				8381AE712804A88300E17AAC /* Shaders.metal */,
				8381AE652804A84100E17AAC /* Assets.xcassets */,
				8381AE672804A84100E17AAC /* Main.storyboard */,
				8381AE6A2804A84100E17AAC /* MetalMeshes.entitlements */,
			);
			path = MetalMeshes;
			sourceTree = "<group>";
		};
/* End PBXGroup section */

/* Begin PBXNativeTarget section */
		8381AE5D2804A84000E17AAC /* MetalMeshes */ = {
			isa = PBXNativeTarget;
			buildConfigurationList = 8381AE6D2804A84100E17AAC /* Build configuration list for PBXNativeTarget "MetalMeshes" */;
			buildPhases = (
				8381AE5A2804A84000E17AAC /* Sources */,
				8381AE5B2804A84000E17AAC /* Frameworks */,
				8381AE5C2804A84000E17AAC /* Resources */,
			);
			buildRules = (
			);
			dependencies = (
			);
			name = MetalMeshes;
			productName = MetalMeshes;
			productReference = 8381AE5E2804A84000E17AAC /* MetalMeshes.app */;
			productType = "com.apple.product-type.application";
		};
/* End PBXNativeTarget section */

/* Begin PBXProject section */
		8381AE562804A84000E17AAC /* Project object */ = {
			isa = PBXProject;
			attributes = {
				BuildIndependentTargetsInParallel = 1;
				LastSwiftUpdateCheck = 1330;
				LastUpgradeCheck = 1330;
				TargetAttributes = {
					8381AE5D2804A84000E17AAC = {
						CreatedOnToolsVersion = 13.3;
					};
				};
			};
			buildConfigurationList = 8381AE592804A84000E17AAC /* Build configuration list for PBXProject "MetalMeshes" */;
			compatibilityVersion = "Xcode 13.0";
			developmentRegion = en;
			hasScannedForEncodings = 0;
			knownRegions = (
				en,
				Base,
			);
			mainGroup = 8381AE552804A84000E17AAC;
			productRefGroup = 8381AE5F2804A84000E17AAC /* Products */;
			projectDirPath = "";
			projectRoot = "";
			targets = (
				8381AE5D2804A84000E17AAC /* MetalMeshes */,
			);
		};
/* End PBXProject section */

/* Begin PBXResourcesBuildPhase section */
		8381AE5C2804A84000E17AAC /* Resources */ = {
			isa = PBXResourcesBuildPhase;
			buildActionMask = 2147483647;
			files = (
				8381AE662804A84100E17AAC /* Assets.xcassets in Resources */,
				8381AE692804A84100E17AAC /* Main.storyboard in Resources */,
			);
			runOnlyForDeploymentPostprocessing = 0;
		};
/* End PBXResourcesBuildPhase section */

/* Begin PBXSourcesBuildPhase section */
		8381AE5A2804A84000E17AAC /* Sources */ = {
			isa = PBXSourcesBuildPhase;
			buildActionMask = 2147483647;
			files = (
				8381AE742804A88300E17AAC /* Shaders.metal in Sources */,
				8381AE642804A84000E17AAC /* ViewController.swift in Sources */,
				8381AE772804B01800E17AAC /* SimpleMesh.swift in Sources */,
				8381AE732804A88300E17AAC /* Renderer.swift in Sources */,
				8381AE622804A84000E17AAC /* AppDelegate.swift in Sources */,
				8381AE752804A88300E17AAC /* Math.swift in Sources */,
			);
			runOnlyForDeploymentPostprocessing = 0;
		};
/* End PBXSourcesBuildPhase section */

/* Begin PBXVariantGroup section */
		8381AE672804A84100E17AAC /* Main.storyboard */ = {
			isa = PBXVariantGroup;
			children = (
				8381AE682804A84100E17AAC /* Base */,
			);
			name = Main.storyboard;
			sourceTree = "<group>";
		};
/* End PBXVariantGroup section */

/* Begin XCBuildConfiguration section */
		8381AE6B2804A84100E17AAC /* Debug */ = {
			isa = XCBuildConfiguration;
			buildSettings = {
				ALWAYS_SEARCH_USER_PATHS = NO;
				CLANG_ANALYZER_NONNULL = YES;
				CLANG_ANALYZER_NUMBER_OBJECT_CONVERSION = YES_AGGRESSIVE;
				CLANG_CXX_LANGUAGE_STANDARD = "gnu++17";
				CLANG_ENABLE_MODULES = YES;
				CLANG_ENABLE_OBJC_ARC = YES;
				CLANG_ENABLE_OBJC_WEAK = YES;
				CLANG_WARN_BLOCK_CAPTURE_AUTORELEASING = YES;
				CLANG_WARN_BOOL_CONVERSION = YES;
				CLANG_WARN_COMMA = YES;
				CLANG_WARN_CONSTANT_CONVERSION = YES;
				CLANG_WARN_DEPRECATED_OBJC_IMPLEMENTATIONS = YES;
				CLANG_WARN_DIRECT_OBJC_ISA_USAGE = YES_ERROR;
				CLANG_WARN_DOCUMENTATION_COMMENTS = YES;
				CLANG_WARN_EMPTY_BODY = YES;
				CLANG_WARN_ENUM_CONVERSION = YES;
				CLANG_WARN_INFINITE_RECURSION = YES;
				CLANG_WARN_INT_CONVERSION = YES;
				CLANG_WARN_NON_LITERAL_NULL_CONVERSION = YES;
				CLANG_WARN_OBJC_IMPLICIT_RETAIN_SELF = YES;
				CLANG_WARN_OBJC_LITERAL_CONVERSION = YES;
				CLANG_WARN_OBJC_ROOT_CLASS = YES_ERROR;
				CLANG_WARN_QUOTED_INCLUDE_IN_FRAMEWORK_HEADER = YES;
				CLANG_WARN_RANGE_LOOP_ANALYSIS = YES;
				CLANG_WARN_STRICT_PROTOTYPES = YES;
				CLANG_WARN_SUSPICIOUS_MOVE = YES;
				CLANG_WARN_UNGUARDED_AVAILABILITY = YES_AGGRESSIVE;
				CLANG_WARN_UNREACHABLE_CODE = YES;
				CLANG_WARN__DUPLICATE_METHOD_MATCH = YES;
				COPY_PHASE_STRIP = NO;
				DEBUG_INFORMATION_FORMAT = dwarf;
				ENABLE_STRICT_OBJC_MSGSEND = YES;
				ENABLE_TESTABILITY = YES;
				GCC_C_LANGUAGE_STANDARD = gnu11;
				GCC_DYNAMIC_NO_PIC = NO;
				GCC_NO_COMMON_BLOCKS = YES;
				GCC_OPTIMIZATION_LEVEL = 0;
				GCC_PREPROCESSOR_DEFINITIONS = (
					"DEBUG=1",
					"$(inherited)",
				);
				GCC_WARN_64_TO_32_BIT_CONVERSION = YES;
				GCC_WARN_ABOUT_RETURN_TYPE = YES_ERROR;
				GCC_WARN_UNDECLARED_SELECTOR = YES;
				GCC_WARN_UNINITIALIZED_AUTOS = YES_AGGRESSIVE;
				GCC_WARN_UNUSED_FUNCTION = YES;
				GCC_WARN_UNUSED_VARIABLE = YES;
				MACOSX_DEPLOYMENT_TARGET = 12.2;
				MTL_ENABLE_DEBUG_INFO = INCLUDE_SOURCE;
				MTL_FAST_MATH = YES;
				ONLY_ACTIVE_ARCH = YES;
				SDKROOT = macosx;
				SWIFT_ACTIVE_COMPILATION_CONDITIONS = DEBUG;
				SWIFT_OPTIMIZATION_LEVEL = "-Onone";
			};
			name = Debug;
		};
		8381AE6C2804A84100E17AAC /* Release */ = {
			isa = XCBuildConfiguration;
			buildSettings = {
				ALWAYS_SEARCH_USER_PATHS = NO;
				CLANG_ANALYZER_NONNULL = YES;
				CLANG_ANALYZER_NUMBER_OBJECT_CONVERSION = YES_AGGRESSIVE;
				CLANG_CXX_LANGUAGE_STANDARD = "gnu++17";
				CLANG_ENABLE_MODULES = YES;
				CLANG_ENABLE_OBJC_ARC = YES;
				CLANG_ENABLE_OBJC_WEAK = YES;
				CLANG_WARN_BLOCK_CAPTURE_AUTORELEASING = YES;
				CLANG_WARN_BOOL_CONVERSION = YES;
				CLANG_WARN_COMMA = YES;
				CLANG_WARN_CONSTANT_CONVERSION = YES;
				CLANG_WARN_DEPRECATED_OBJC_IMPLEMENTATIONS = YES;
				CLANG_WARN_DIRECT_OBJC_ISA_USAGE = YES_ERROR;
				CLANG_WARN_DOCUMENTATION_COMMENTS = YES;
				CLANG_WARN_EMPTY_BODY = YES;
				CLANG_WARN_ENUM_CONVERSION = YES;
				CLANG_WARN_INFINITE_RECURSION = YES;
				CLANG_WARN_INT_CONVERSION = YES;
				CLANG_WARN_NON_LITERAL_NULL_CONVERSION = YES;
				CLANG_WARN_OBJC_IMPLICIT_RETAIN_SELF = YES;
				CLANG_WARN_OBJC_LITERAL_CONVERSION = YES;
				CLANG_WARN_OBJC_ROOT_CLASS = YES_ERROR;
				CLANG_WARN_QUOTED_INCLUDE_IN_FRAMEWORK_HEADER = YES;
				CLANG_WARN_RANGE_LOOP_ANALYSIS = YES;
				CLANG_WARN_STRICT_PROTOTYPES = YES;
				CLANG_WARN_SUSPICIOUS_MOVE = YES;
				CLANG_WARN_UNGUARDED_AVAILABILITY = YES_AGGRESSIVE;
				CLANG_WARN_UNREACHABLE_CODE = YES;
				CLANG_WARN__DUPLICATE_METHOD_MATCH = YES;
				COPY_PHASE_STRIP = NO;
				DEBUG_INFORMATION_FORMAT = "dwarf-with-dsym";
				ENABLE_NS_ASSERTIONS = NO;
				ENABLE_STRICT_OBJC_MSGSEND = YES;
				GCC_C_LANGUAGE_STANDARD = gnu11;
				GCC_NO_COMMON_BLOCKS = YES;
				GCC_WARN_64_TO_32_BIT_CONVERSION = YES;
				GCC_WARN_ABOUT_RETURN_TYPE = YES_ERROR;
				GCC_WARN_UNDECLARED_SELECTOR = YES;
				GCC_WARN_UNINITIALIZED_AUTOS = YES_AGGRESSIVE;
				GCC_WARN_UNUSED_FUNCTION = YES;
				GCC_WARN_UNUSED_VARIABLE = YES;
				MACOSX_DEPLOYMENT_TARGET = 12.2;
				MTL_ENABLE_DEBUG_INFO = NO;
				MTL_FAST_MATH = YES;
				SDKROOT = macosx;
				SWIFT_COMPILATION_MODE = wholemodule;
				SWIFT_OPTIMIZATION_LEVEL = "-O";
			};
			name = Release;
		};
		8381AE6E2804A84100E17AAC /* Debug */ = {
			isa = XCBuildConfiguration;
			buildSettings = {
				ASSETCATALOG_COMPILER_APPICON_NAME = AppIcon;
				ASSETCATALOG_COMPILER_GLOBAL_ACCENT_COLOR_NAME = AccentColor;
				CODE_SIGN_ENTITLEMENTS = MetalMeshes/MetalMeshes.entitlements;
				CODE_SIGN_STYLE = Automatic;
				COMBINE_HIDPI_IMAGES = YES;
				CURRENT_PROJECT_VERSION = 1;
				DEVELOPMENT_TEAM = G784MNW7L7;
				ENABLE_HARDENED_RUNTIME = YES;
				GENERATE_INFOPLIST_FILE = YES;
				INFOPLIST_KEY_NSHumanReadableCopyright = "";
				INFOPLIST_KEY_NSMainStoryboardFile = Main;
				INFOPLIST_KEY_NSPrincipalClass = NSApplication;
				LD_RUNPATH_SEARCH_PATHS = (
					"$(inherited)",
					"@executable_path/../Frameworks",
				);
				MARKETING_VERSION = 1.0;
				PRODUCT_BUNDLE_IDENTIFIER = co.fourspace.MetalMeshes;
				PRODUCT_NAME = "$(TARGET_NAME)";
				SWIFT_EMIT_LOC_STRINGS = YES;
				SWIFT_VERSION = 5.0;
			};
			name = Debug;
		};
		8381AE6F2804A84100E17AAC /* Release */ = {
			isa = XCBuildConfiguration;
			buildSettings = {
				ASSETCATALOG_COMPILER_APPICON_NAME = AppIcon;
				ASSETCATALOG_COMPILER_GLOBAL_ACCENT_COLOR_NAME = AccentColor;
				CODE_SIGN_ENTITLEMENTS = MetalMeshes/MetalMeshes.entitlements;
				CODE_SIGN_STYLE = Automatic;
				COMBINE_HIDPI_IMAGES = YES;
				CURRENT_PROJECT_VERSION = 1;
				DEVELOPMENT_TEAM = G784MNW7L7;
				ENABLE_HARDENED_RUNTIME = YES;
				GENERATE_INFOPLIST_FILE = YES;
				INFOPLIST_KEY_NSHumanReadableCopyright = "";
				INFOPLIST_KEY_NSMainStoryboardFile = Main;
				INFOPLIST_KEY_NSPrincipalClass = NSApplication;
				LD_RUNPATH_SEARCH_PATHS = (
					"$(inherited)",
					"@executable_path/../Frameworks",
				);
				MARKETING_VERSION = 1.0;
				PRODUCT_BUNDLE_IDENTIFIER = co.fourspace.MetalMeshes;
				PRODUCT_NAME = "$(TARGET_NAME)";
				SWIFT_EMIT_LOC_STRINGS = YES;
				SWIFT_VERSION = 5.0;
			};
			name = Release;
		};
/* End XCBuildConfiguration section */

/* Begin XCConfigurationList section */
		8381AE592804A84000E17AAC /* Build configuration list for PBXProject "MetalMeshes" */ = {
			isa = XCConfigurationList;
			buildConfigurations = (
				8381AE6B2804A84100E17AAC /* Debug */,
				8381AE6C2804A84100E17AAC /* Release */,
			);
			defaultConfigurationIsVisible = 0;
			defaultConfigurationName = Release;
		};
		8381AE6D2804A84100E17AAC /* Build configuration list for PBXNativeTarget "MetalMeshes" */ = {
			isa = XCConfigurationList;
			buildConfigurations = (
				8381AE6E2804A84100E17AAC /* Debug */,
				8381AE6F2804A84100E17AAC /* Release */,
			);
			defaultConfigurationIsVisible = 0;
			defaultConfigurationName = Release;
		};
/* End XCConfigurationList section */
	};
	rootObject = 8381AE562804A84000E17AAC /* Project object */;
}
