// !$*UTF8*$!
{
	archiveVersion = 1;
	classes = {
	};
	objectVersion = 55;
	objects = {

/* Begin PBXBuildFile section */
		830D6E35281A09A400A8BD2E /* AppDelegate.swift in Sources */ = {isa = PBXBuildFile; fileRef = 830D6E34281A09A400A8BD2E /* AppDelegate.swift */; };
		830D6E37281A09A400A8BD2E /* ViewController.swift in Sources */ = {isa = PBXBuildFile; fileRef = 830D6E36281A09A400A8BD2E /* ViewController.swift */; };
		830D6E39281A09A500A8BD2E /* Assets.xcassets in Resources */ = {isa = PBXBuildFile; fileRef = 830D6E38281A09A500A8BD2E /* Assets.xcassets */; };
		830D6E3C281A09A500A8BD2E /* Main.storyboard in Resources */ = {isa = PBXBuildFile; fileRef = 830D6E3A281A09A500A8BD2E /* Main.storyboard */; };
		830D6E55281A09D900A8BD2E /* MeshUtilities.swift in Sources */ = {isa = PBXBuildFile; fileRef = 830D6E43281A09D900A8BD2E /* MeshUtilities.swift */; };
		830D6E56281A09D900A8BD2E /* Shaders.metal in Sources */ = {isa = PBXBuildFile; fileRef = 830D6E44281A09D900A8BD2E /* Shaders.metal */; };
		830D6E57281A09D900A8BD2E /* Light.swift in Sources */ = {isa = PBXBuildFile; fileRef = 830D6E45281A09D900A8BD2E /* Light.swift */; };
		830D6E58281A09D900A8BD2E /* Math.swift in Sources */ = {isa = PBXBuildFile; fileRef = 830D6E46281A09D900A8BD2E /* Math.swift */; };
		830D6E59281A09D900A8BD2E /* Node.swift in Sources */ = {isa = PBXBuildFile; fileRef = 830D6E47281A09D900A8BD2E /* Node.swift */; };
		830D6E5B281A09D900A8BD2E /* grass.png in Resources */ = {isa = PBXBuildFile; fileRef = 830D6E4A281A09D900A8BD2E /* grass.png */; };
		830D6E5C281A09D900A8BD2E /* spot_texture.png in Resources */ = {isa = PBXBuildFile; fileRef = 830D6E4C281A09D900A8BD2E /* spot_texture.png */; };
		830D6E60281A09D900A8BD2E /* spot_material.mtl in Resources */ = {isa = PBXBuildFile; fileRef = 830D6E50281A09D900A8BD2E /* spot_material.mtl */; };
		830D6E62281A09D900A8BD2E /* spot_triangulated.obj in Resources */ = {isa = PBXBuildFile; fileRef = 830D6E52281A09D900A8BD2E /* spot_triangulated.obj */; };
		830D6E63281A09D900A8BD2E /* README.txt in Resources */ = {isa = PBXBuildFile; fileRef = 830D6E53281A09D900A8BD2E /* README.txt */; };
		830D6E64281A09D900A8BD2E /* Renderer.swift in Sources */ = {isa = PBXBuildFile; fileRef = 830D6E54281A09D900A8BD2E /* Renderer.swift */; };
/* End PBXBuildFile section */

/* Begin PBXFileReference section */
		830D6E31281A09A400A8BD2E /* MetalMultisampling.app */ = {isa = PBXFileReference; explicitFileType = wrapper.application; includeInIndex = 0; path = MetalMultisampling.app; sourceTree = BUILT_PRODUCTS_DIR; };
		830D6E34281A09A400A8BD2E /* AppDelegate.swift */ = {isa = PBXFileReference; lastKnownFileType = sourcecode.swift; path = AppDelegate.swift; sourceTree = "<group>"; };
		830D6E36281A09A400A8BD2E /* ViewController.swift */ = {isa = PBXFileReference; lastKnownFileType = sourcecode.swift; path = ViewController.swift; sourceTree = "<group>"; };
		830D6E38281A09A500A8BD2E /* Assets.xcassets */ = {isa = PBXFileReference; lastKnownFileType = folder.assetcatalog; path = Assets.xcassets; sourceTree = "<group>"; };
		830D6E3B281A09A500A8BD2E /* Base */ = {isa = PBXFileReference; lastKnownFileType = file.storyboard; name = Base; path = Base.lproj/Main.storyboard; sourceTree = "<group>"; };
		830D6E3D281A09A500A8BD2E /* MetalMultisampling.entitlements */ = {isa = PBXFileReference; lastKnownFileType = text.plist.entitlements; path = MetalMultisampling.entitlements; sourceTree = "<group>"; };
		830D6E43281A09D900A8BD2E /* MeshUtilities.swift */ = {isa = PBXFileReference; fileEncoding = 4; lastKnownFileType = sourcecode.swift; path = MeshUtilities.swift; sourceTree = "<group>"; };
		830D6E44281A09D900A8BD2E /* Shaders.metal */ = {isa = PBXFileReference; fileEncoding = 4; lastKnownFileType = sourcecode.metal; path = Shaders.metal; sourceTree = "<group>"; };
		830D6E45281A09D900A8BD2E /* Light.swift */ = {isa = PBXFileReference; fileEncoding = 4; lastKnownFileType = sourcecode.swift; path = Light.swift; sourceTree = "<group>"; };
		830D6E46281A09D900A8BD2E /* Math.swift */ = {isa = PBXFileReference; fileEncoding = 4; lastKnownFileType = sourcecode.swift; path = Math.swift; sourceTree = "<group>"; };
		830D6E47281A09D900A8BD2E /* Node.swift */ = {isa = PBXFileReference; fileEncoding = 4; lastKnownFileType = sourcecode.swift; path = Node.swift; sourceTree = "<group>"; };
		830D6E4A281A09D900A8BD2E /* grass.png */ = {isa = PBXFileReference; lastKnownFileType = image.png; path = grass.png; sourceTree = "<group>"; };
		830D6E4C281A09D900A8BD2E /* spot_texture.png */ = {isa = PBXFileReference; lastKnownFileType = image.png; path = spot_texture.png; sourceTree = "<group>"; };
		830D6E50281A09D900A8BD2E /* spot_material.mtl */ = {isa = PBXFileReference; fileEncoding = 4; lastKnownFileType = text; path = spot_material.mtl; sourceTree = "<group>"; };
		830D6E52281A09D900A8BD2E /* spot_triangulated.obj */ = {isa = PBXFileReference; fileEncoding = 4; lastKnownFileType = text; path = spot_triangulated.obj; sourceTree = "<group>"; };
		830D6E53281A09D900A8BD2E /* README.txt */ = {isa = PBXFileReference; fileEncoding = 4; lastKnownFileType = text; path = README.txt; sourceTree = "<group>"; };
		830D6E54281A09D900A8BD2E /* Renderer.swift */ = {isa = PBXFileReference; fileEncoding = 4; lastKnownFileType = sourcecode.swift; path = Renderer.swift; sourceTree = "<group>"; };
/* End PBXFileReference section */

/* Begin PBXFrameworksBuildPhase section */
		830D6E2E281A09A400A8BD2E /* Frameworks */ = {
			isa = PBXFrameworksBuildPhase;
			buildActionMask = 2147483647;
			files = (
			);
			runOnlyForDeploymentPostprocessing = 0;
		};
/* End PBXFrameworksBuildPhase section */

/* Begin PBXGroup section */
		830D6E28281A09A400A8BD2E = {
			isa = PBXGroup;
			children = (
				830D6E33281A09A400A8BD2E /* MetalMultisampling */,
				830D6E32281A09A400A8BD2E /* Products */,
			);
			sourceTree = "<group>";
		};
		830D6E32281A09A400A8BD2E /* Products */ = {
			isa = PBXGroup;
			children = (
				830D6E31281A09A400A8BD2E /* MetalMultisampling.app */,
			);
			name = Products;
			sourceTree = "<group>";
		};
		830D6E33281A09A400A8BD2E /* MetalMultisampling */ = {
			isa = PBXGroup;
			children = (
				830D6E45281A09D900A8BD2E /* Light.swift */,
				830D6E47281A09D900A8BD2E /* Node.swift */,
				830D6E54281A09D900A8BD2E /* Renderer.swift */,
				830D6E43281A09D900A8BD2E /* MeshUtilities.swift */,
				830D6E46281A09D900A8BD2E /* Math.swift */,
				830D6E36281A09A400A8BD2E /* ViewController.swift */,
				830D6E34281A09A400A8BD2E /* AppDelegate.swift */,
				830D6E44281A09D900A8BD2E /* Shaders.metal */,
				830D6E48281A09D900A8BD2E /* Resources */,
				830D6E38281A09A500A8BD2E /* Assets.xcassets */,
				830D6E3A281A09A500A8BD2E /* Main.storyboard */,
				830D6E3D281A09A500A8BD2E /* MetalMultisampling.entitlements */,
			);
			path = MetalMultisampling;
			sourceTree = "<group>";
		};
		830D6E48281A09D900A8BD2E /* Resources */ = {
			isa = PBXGroup;
			children = (
				830D6E4A281A09D900A8BD2E /* grass.png */,
				830D6E4B281A09D900A8BD2E /* spot */,
			);
			path = Resources;
			sourceTree = "<group>";
		};
		830D6E4B281A09D900A8BD2E /* spot */ = {
			isa = PBXGroup;
			children = (
				830D6E4C281A09D900A8BD2E /* spot_texture.png */,
				830D6E50281A09D900A8BD2E /* spot_material.mtl */,
				830D6E52281A09D900A8BD2E /* spot_triangulated.obj */,
				830D6E53281A09D900A8BD2E /* README.txt */,
			);
			path = spot;
			sourceTree = "<group>";
		};
/* End PBXGroup section */

/* Begin PBXNativeTarget section */
		830D6E30281A09A400A8BD2E /* MetalMultisampling */ = {
			isa = PBXNativeTarget;
			buildConfigurationList = 830D6E40281A09A500A8BD2E /* Build configuration list for PBXNativeTarget "MetalMultisampling" */;
			buildPhases = (
				830D6E2D281A09A400A8BD2E /* Sources */,
				830D6E2E281A09A400A8BD2E /* Frameworks */,
				830D6E2F281A09A400A8BD2E /* Resources */,
			);
			buildRules = (
			);
			dependencies = (
			);
			name = MetalMultisampling;
			productName = MetalMultisampling;
			productReference = 830D6E31281A09A400A8BD2E /* MetalMultisampling.app */;
			productType = "com.apple.product-type.application";
		};
/* End PBXNativeTarget section */

/* Begin PBXProject section */
		830D6E29281A09A400A8BD2E /* Project object */ = {
			isa = PBXProject;
			attributes = {
				BuildIndependentTargetsInParallel = 1;
				LastSwiftUpdateCheck = 1330;
				LastUpgradeCheck = 1330;
				TargetAttributes = {
					830D6E30281A09A400A8BD2E = {
						CreatedOnToolsVersion = 13.3;
					};
				};
			};
			buildConfigurationList = 830D6E2C281A09A400A8BD2E /* Build configuration list for PBXProject "MetalMultisampling" */;
			compatibilityVersion = "Xcode 13.0";
			developmentRegion = en;
			hasScannedForEncodings = 0;
			knownRegions = (
				en,
				Base,
			);
			mainGroup = 830D6E28281A09A400A8BD2E;
			productRefGroup = 830D6E32281A09A400A8BD2E /* Products */;
			projectDirPath = "";
			projectRoot = "";
			targets = (
				830D6E30281A09A400A8BD2E /* MetalMultisampling */,
			);
		};
/* End PBXProject section */

/* Begin PBXResourcesBuildPhase section */
		830D6E2F281A09A400A8BD2E /* Resources */ = {
			isa = PBXResourcesBuildPhase;
			buildActionMask = 2147483647;
			files = (
				830D6E5C281A09D900A8BD2E /* spot_texture.png in Resources */,
				830D6E5B281A09D900A8BD2E /* grass.png in Resources */,
				830D6E39281A09A500A8BD2E /* Assets.xcassets in Resources */,
				830D6E3C281A09A500A8BD2E /* Main.storyboard in Resources */,
				830D6E60281A09D900A8BD2E /* spot_material.mtl in Resources */,
				830D6E63281A09D900A8BD2E /* README.txt in Resources */,
				830D6E62281A09D900A8BD2E /* spot_triangulated.obj in Resources */,
			);
			runOnlyForDeploymentPostprocessing = 0;
		};
/* End PBXResourcesBuildPhase section */

/* Begin PBXSourcesBuildPhase section */
		830D6E2D281A09A400A8BD2E /* Sources */ = {
			isa = PBXSourcesBuildPhase;
			buildActionMask = 2147483647;
			files = (
				830D6E64281A09D900A8BD2E /* Renderer.swift in Sources */,
				830D6E56281A09D900A8BD2E /* Shaders.metal in Sources */,
				830D6E57281A09D900A8BD2E /* Light.swift in Sources */,
				830D6E37281A09A400A8BD2E /* ViewController.swift in Sources */,
				830D6E55281A09D900A8BD2E /* MeshUtilities.swift in Sources */,
				830D6E35281A09A400A8BD2E /* AppDelegate.swift in Sources */,
				830D6E58281A09D900A8BD2E /* Math.swift in Sources */,
				830D6E59281A09D900A8BD2E /* Node.swift in Sources */,
			);
			runOnlyForDeploymentPostprocessing = 0;
		};
/* End PBXSourcesBuildPhase section */

/* Begin PBXVariantGroup section */
		830D6E3A281A09A500A8BD2E /* Main.storyboard */ = {
			isa = PBXVariantGroup;
			children = (
				830D6E3B281A09A500A8BD2E /* Base */,
			);
			name = Main.storyboard;
			sourceTree = "<group>";
		};
/* End PBXVariantGroup section */

/* Begin XCBuildConfiguration section */
		830D6E3E281A09A500A8BD2E /* Debug */ = {
			isa = XCBuildConfiguration;
			buildSettings = {
				ALWAYS_SEARCH_USER_PATHS = NO;
				CLANG_ANALYZER_NONNULL = YES;
				CLANG_ANALYZER_NUMBER_OBJECT_CONVERSION = YES_AGGRESSIVE;
				CLANG_CXX_LANGUAGE_STANDARD = "gnu++17";
				CLANG_ENABLE_MODULES = YES;
				CLANG_ENABLE_OBJC_ARC = YES;
				CLANG_ENABLE_OBJC_WEAK = YES;
				CLANG_WARN_BLOCK_CAPTURE_AUTORELEASING = YES;
				CLANG_WARN_BOOL_CONVERSION = YES;
				CLANG_WARN_COMMA = YES;
				CLANG_WARN_CONSTANT_CONVERSION = YES;
				CLANG_WARN_DEPRECATED_OBJC_IMPLEMENTATIONS = YES;
				CLANG_WARN_DIRECT_OBJC_ISA_USAGE = YES_ERROR;
				CLANG_WARN_DOCUMENTATION_COMMENTS = YES;
				CLANG_WARN_EMPTY_BODY = YES;
				CLANG_WARN_ENUM_CONVERSION = YES;
				CLANG_WARN_INFINITE_RECURSION = YES;
				CLANG_WARN_INT_CONVERSION = YES;
				CLANG_WARN_NON_LITERAL_NULL_CONVERSION = YES;
				CLANG_WARN_OBJC_IMPLICIT_RETAIN_SELF = YES;
				CLANG_WARN_OBJC_LITERAL_CONVERSION = YES;
				CLANG_WARN_OBJC_ROOT_CLASS = YES_ERROR;
				CLANG_WARN_QUOTED_INCLUDE_IN_FRAMEWORK_HEADER = YES;
				CLANG_WARN_RANGE_LOOP_ANALYSIS = YES;
				CLANG_WARN_STRICT_PROTOTYPES = YES;
				CLANG_WARN_SUSPICIOUS_MOVE = YES;
				CLANG_WARN_UNGUARDED_AVAILABILITY = YES_AGGRESSIVE;
				CLANG_WARN_UNREACHABLE_CODE = YES;
				CLANG_WARN__DUPLICATE_METHOD_MATCH = YES;
				COPY_PHASE_STRIP = NO;
				DEBUG_INFORMATION_FORMAT = dwarf;
				ENABLE_STRICT_OBJC_MSGSEND = YES;
				ENABLE_TESTABILITY = YES;
				GCC_C_LANGUAGE_STANDARD = gnu11;
				GCC_DYNAMIC_NO_PIC = NO;
				GCC_NO_COMMON_BLOCKS = YES;
				GCC_OPTIMIZATION_LEVEL = 0;
				GCC_PREPROCESSOR_DEFINITIONS = (
					"DEBUG=1",
					"$(inherited)",
				);
				GCC_WARN_64_TO_32_BIT_CONVERSION = YES;
				GCC_WARN_ABOUT_RETURN_TYPE = YES_ERROR;
				GCC_WARN_UNDECLARED_SELECTOR = YES;
				GCC_WARN_UNINITIALIZED_AUTOS = YES_AGGRESSIVE;
				GCC_WARN_UNUSED_FUNCTION = YES;
				GCC_WARN_UNUSED_VARIABLE = YES;
				MACOSX_DEPLOYMENT_TARGET = 12.3;
				MTL_ENABLE_DEBUG_INFO = INCLUDE_SOURCE;
				MTL_FAST_MATH = YES;
				ONLY_ACTIVE_ARCH = YES;
				SDKROOT = macosx;
				SWIFT_ACTIVE_COMPILATION_CONDITIONS = DEBUG;
				SWIFT_OPTIMIZATION_LEVEL = "-Onone";
			};
			name = Debug;
		};
		830D6E3F281A09A500A8BD2E /* Release */ = {
			isa = XCBuildConfiguration;
			buildSettings = {
				ALWAYS_SEARCH_USER_PATHS = NO;
				CLANG_ANALYZER_NONNULL = YES;
				CLANG_ANALYZER_NUMBER_OBJECT_CONVERSION = YES_AGGRESSIVE;
				CLANG_CXX_LANGUAGE_STANDARD = "gnu++17";
				CLANG_ENABLE_MODULES = YES;
				CLANG_ENABLE_OBJC_ARC = YES;
				CLANG_ENABLE_OBJC_WEAK = YES;
				CLANG_WARN_BLOCK_CAPTURE_AUTORELEASING = YES;
				CLANG_WARN_BOOL_CONVERSION = YES;
				CLANG_WARN_COMMA = YES;
				CLANG_WARN_CONSTANT_CONVERSION = YES;
				CLANG_WARN_DEPRECATED_OBJC_IMPLEMENTATIONS = YES;
				CLANG_WARN_DIRECT_OBJC_ISA_USAGE = YES_ERROR;
				CLANG_WARN_DOCUMENTATION_COMMENTS = YES;
				CLANG_WARN_EMPTY_BODY = YES;
				CLANG_WARN_ENUM_CONVERSION = YES;
				CLANG_WARN_INFINITE_RECURSION = YES;
				CLANG_WARN_INT_CONVERSION = YES;
				CLANG_WARN_NON_LITERAL_NULL_CONVERSION = YES;
				CLANG_WARN_OBJC_IMPLICIT_RETAIN_SELF = YES;
				CLANG_WARN_OBJC_LITERAL_CONVERSION = YES;
				CLANG_WARN_OBJC_ROOT_CLASS = YES_ERROR;
				CLANG_WARN_QUOTED_INCLUDE_IN_FRAMEWORK_HEADER = YES;
				CLANG_WARN_RANGE_LOOP_ANALYSIS = YES;
				CLANG_WARN_STRICT_PROTOTYPES = YES;
				CLANG_WARN_SUSPICIOUS_MOVE = YES;
				CLANG_WARN_UNGUARDED_AVAILABILITY = YES_AGGRESSIVE;
				CLANG_WARN_UNREACHABLE_CODE = YES;
				CLANG_WARN__DUPLICATE_METHOD_MATCH = YES;
				COPY_PHASE_STRIP = NO;
				DEBUG_INFORMATION_FORMAT = "dwarf-with-dsym";
				ENABLE_NS_ASSERTIONS = NO;
				ENABLE_STRICT_OBJC_MSGSEND = YES;
				GCC_C_LANGUAGE_STANDARD = gnu11;
				GCC_NO_COMMON_BLOCKS = YES;
				GCC_WARN_64_TO_32_BIT_CONVERSION = YES;
				GCC_WARN_ABOUT_RETURN_TYPE = YES_ERROR;
				GCC_WARN_UNDECLARED_SELECTOR = YES;
				GCC_WARN_UNINITIALIZED_AUTOS = YES_AGGRESSIVE;
				GCC_WARN_UNUSED_FUNCTION = YES;
				GCC_WARN_UNUSED_VARIABLE = YES;
				MACOSX_DEPLOYMENT_TARGET = 12.3;
				MTL_ENABLE_DEBUG_INFO = NO;
				MTL_FAST_MATH = YES;
				SDKROOT = macosx;
				SWIFT_COMPILATION_MODE = wholemodule;
				SWIFT_OPTIMIZATION_LEVEL = "-O";
			};
			name = Release;
		};
		830D6E41281A09A500A8BD2E /* Debug */ = {
			isa = XCBuildConfiguration;
			buildSettings = {
				ASSETCATALOG_COMPILER_APPICON_NAME = AppIcon;
				ASSETCATALOG_COMPILER_GLOBAL_ACCENT_COLOR_NAME = AccentColor;
				CODE_SIGN_ENTITLEMENTS = MetalMultisampling/MetalMultisampling.entitlements;
				CODE_SIGN_STYLE = Automatic;
				COMBINE_HIDPI_IMAGES = YES;
				CURRENT_PROJECT_VERSION = 1;
				DEVELOPMENT_TEAM = G784MNW7L7;
				ENABLE_HARDENED_RUNTIME = YES;
				GENERATE_INFOPLIST_FILE = YES;
				INFOPLIST_KEY_NSHumanReadableCopyright = "";
				INFOPLIST_KEY_NSMainStoryboardFile = Main;
				INFOPLIST_KEY_NSPrincipalClass = NSApplication;
				LD_RUNPATH_SEARCH_PATHS = (
					"$(inherited)",
					"@executable_path/../Frameworks",
				);
				MARKETING_VERSION = 1.0;
				PRODUCT_BUNDLE_IDENTIFIER = co.fourspace.MetalMultisampling;
				PRODUCT_NAME = "$(TARGET_NAME)";
				SWIFT_EMIT_LOC_STRINGS = YES;
				SWIFT_VERSION = 5.0;
			};
			name = Debug;
		};
		830D6E42281A09A500A8BD2E /* Release */ = {
			isa = XCBuildConfiguration;
			buildSettings = {
				ASSETCATALOG_COMPILER_APPICON_NAME = AppIcon;
				ASSETCATALOG_COMPILER_GLOBAL_ACCENT_COLOR_NAME = AccentColor;
				CODE_SIGN_ENTITLEMENTS = MetalMultisampling/MetalMultisampling.entitlements;
				CODE_SIGN_STYLE = Automatic;
				COMBINE_HIDPI_IMAGES = YES;
				CURRENT_PROJECT_VERSION = 1;
				DEVELOPMENT_TEAM = G784MNW7L7;
				ENABLE_HARDENED_RUNTIME = YES;
				GENERATE_INFOPLIST_FILE = YES;
				INFOPLIST_KEY_NSHumanReadableCopyright = "";
				INFOPLIST_KEY_NSMainStoryboardFile = Main;
				INFOPLIST_KEY_NSPrincipalClass = NSApplication;
				LD_RUNPATH_SEARCH_PATHS = (
					"$(inherited)",
					"@executable_path/../Frameworks",
				);
				MARKETING_VERSION = 1.0;
				PRODUCT_BUNDLE_IDENTIFIER = co.fourspace.MetalMultisampling;
				PRODUCT_NAME = "$(TARGET_NAME)";
				SWIFT_EMIT_LOC_STRINGS = YES;
				SWIFT_VERSION = 5.0;
			};
			name = Release;
		};
/* End XCBuildConfiguration section */

/* Begin XCConfigurationList section */
		830D6E2C281A09A400A8BD2E /* Build configuration list for PBXProject "MetalMultisampling" */ = {
			isa = XCConfigurationList;
			buildConfigurations = (
				830D6E3E281A09A500A8BD2E /* Debug */,
				830D6E3F281A09A500A8BD2E /* Release */,
			);
			defaultConfigurationIsVisible = 0;
			defaultConfigurationName = Release;
		};
		830D6E40281A09A500A8BD2E /* Build configuration list for PBXNativeTarget "MetalMultisampling" */ = {
			isa = XCConfigurationList;
			buildConfigurations = (
				830D6E41281A09A500A8BD2E /* Debug */,
				830D6E42281A09A500A8BD2E /* Release */,
			);
			defaultConfigurationIsVisible = 0;
			defaultConfigurationName = Release;
		};
/* End XCConfigurationList section */
	};
	rootObject = 830D6E29281A09A400A8BD2E /* Project object */;
}
